
Microsoft Visual Studio Solution File, Format Version 12.00
# Visual Studio Version 17
VisualStudioVersion = 17.14.36127.28 d17.14
MinimumVisualStudioVersion = 10.0.40219.1
Project("{FAE04EC0-301F-11D3-BF4B-00C04F79EFBC}") = "CachedProgramsList", "CachedProgramsList.csproj", "{EAAE822E-5F2D-40B7-989E-96775C94D0CD}"
EndProject
Global
	GlobalSection(SolutionConfigurationPlatforms) = preSolution
		Debug|Any CPU = Debug|Any CPU
		Release|Any CPU = Release|Any CPU
	EndGlobalSection
	GlobalSection(ProjectConfigurationPlatforms) = postSolution
		{EAAE822E-5F2D-40B7-989E-96775C94D0CD}.Debug|Any CPU.ActiveCfg = Debug|Any CPU
		{EAAE822E-5F2D-40B7-989E-96775C94D0CD}.Debug|Any CPU.Build.0 = Debug|Any CPU
		{EAAE822E-5F2D-40B7-989E-96775C94D0CD}.Release|Any CPU.ActiveCfg = Release|Any CPU
		{EAAE822E-5F2D-40B7-989E-96775C94D0CD}.Release|Any CPU.Build.0 = Release|Any CPU
	EndGlobalSection
	GlobalSection(SolutionProperties) = preSolution
		HideSolutionNode = FALSE
	EndGlobalSection
	GlobalSection(ExtensibilityGlobals) = postSolution
		SolutionGuid = {064C9D1D-4556-4320-A5F0-AE09DFFF642F}
	EndGlobalSection
EndGlobal
